Microsoft Visual Studio Solution File, Format Version 12.00
# Visual Studio Version 18
VisualStudioVersion = 18.5.11723.231
MinimumVisualStudioVersion = 10.0.40219.1
Project("{FAE04EC0-301F-11D3-BF4B-00C04F79EFBC}") = "GunZLeague", "GunZLeague\GunZLeague.csproj", "{61F41070-4AB7-639A-E713-6A0B9DD18DBE}"
EndProject
Global
	GlobalSection(SolutionConfigurationPlatforms) = preSolution
		Debug|Any CPU = Debug|Any CPU
		Release|Any CPU = Release|Any CPU
	EndGlobalSection
	GlobalSection(ProjectConfigurationPlatforms) = postSolution
		{61F41070-4AB7-639A-E713-6A0B9DD18DBE}.Debug|Any CPU.ActiveCfg = Debug|Any CPU
		{61F41070-4AB7-639A-E713-6A0B9DD18DBE}.Debug|Any CPU.Build.0 = Debug|Any CPU
		{61F41070-4AB7-639A-E713-6A0B9DD18DBE}.Release|Any CPU.ActiveCfg = Release|Any CPU
		{61F41070-4AB7-639A-E713-6A0B9DD18DBE}.Release|Any CPU.Build.0 = Release|Any CPU
	EndGlobalSection
	GlobalSection(SolutionProperties) = preSolution
		HideSolutionNode = FALSE
	EndGlobalSection
	GlobalSection(ExtensibilityGlobals) = postSolution
		SolutionGuid = {1113324E-C63C-4B2D-8C92-656C84F2E71E}
	EndGlobalSection
EndGlobal
